
Microsoft Visual Studio Solution File, Format Version 12.00
# Visual Studio 14
VisualStudioVersion = 14.0.25420.1
MinimumVisualStudioVersion = 10.0.40219.1
Project("{8BC9CEB8-8B4A-11D0-8D11-00A0C91BC942}") = "ChainOfResponsibilityPattern", "..\ChainOfResponsibilityPattern\ChainOfResponsibilityPattern\ChainOfResponsibilityPattern.vcxproj", "{3AB5CB46-C8FD-4C6B-ABE1-4AFC092AD820}"
EndProject
Project("{8BC9CEB8-8B4A-11D0-8D11-00A0C91BC942}") = "ObserverPattern", "..\ObserverPattern\ObserverPattern\ObserverPattern.vcxproj", "{DA54EC3B-BE1B-4301-839C-A3A319471AE3}"
EndProject
Project("{8BC9CEB8-8B4A-11D0-8D11-00A0C91BC942}") = "TemplateMethod", "..\TemplateMethod\TemplateMethod.vcxproj", "{F42C66C9-1068-4374-B039-1ECD690F1EC9}"
EndProject
Project("{8BC9CEB8-8B4A-11D0-8D11-00A0C91BC942}") = "MediatorPattern", "..\MediatorPattern\MediatorPattern\MediatorPattern.vcxproj", "{BB0C216F-7E51-4157-B427-9A959C36AA13}"
EndProject
Project("{2150E333-8FDC-42A3-9474-1A3956D46DE8}") = "Solution Items", "Solution Items", "{93845979-45A1-4FC0-B941-C53771483910}"
	ProjectSection(SolutionItems) = preProject
		ReadMe.txt = ReadMe.txt
	EndProjectSection
EndProject
Project("{8BC9CEB8-8B4A-11D0-8D11-00A0C91BC942}") = "FactoryPattern", "..\FactoryPattern\FactoryPattern\FactoryPattern.vcxproj", "{513CB460-7B6B-4BBD-A82A-3FAC4A20994F}"
EndProject
Project("{8BC9CEB8-8B4A-11D0-8D11-00A0C91BC942}") = "AbstractFactoryPattern", "..\AbstractFactoryPattern\AbstractFactoryPattern\AbstractFactoryPattern.vcxproj", "{1BE74BBF-299E-48CE-A9F3-5067EF2DE887}"
EndProject
Project("{8BC9CEB8-8B4A-11D0-8D11-00A0C91BC942}") = "Singleton", "..\Singleton\Singleton\Singleton.vcxproj", "{0E7F3870-F4EB-4D08-8593-F8DF9FB711A9}"
EndProject
Project("{8BC9CEB8-8B4A-11D0-8D11-00A0C91BC942}") = "Builder", "..\Builder\Builder\Builder.vcxproj", "{A53E02B2-77C1-4998-A64C-5E59AF4901D3}"
EndProject
Project("{8BC9CEB8-8B4A-11D0-8D11-00A0C91BC942}") = "AdapterPattern", "..\AdapterPattern\AdapterPattern\AdapterPattern.vcxproj", "{383874F3-0ACC-4D76-B70B-B2C4EAC232D6}"
EndProject
Project("{8BC9CEB8-8B4A-11D0-8D11-00A0C91BC942}") = "Bridge", "..\Bridge\Bridge\Bridge.vcxproj", "{CE577C83-96B3-4875-8295-205EB8ED9E38}"
EndProject
Project("{8BC9CEB8-8B4A-11D0-8D11-00A0C91BC942}") = "FilterPattern", "..\FilterPattern\FilterPattern\FilterPattern.vcxproj", "{39CB8A0A-BF4D-4E11-BE97-BC00FCF7059D}"
EndProject
Project("{8BC9CEB8-8B4A-11D0-8D11-00A0C91BC942}") = "Strategy", "..\Strategy\Strategy\Strategy.vcxproj", "{93DF255A-E0A4-4AA7-AEC4-86D852D83A5A}"
EndProject
Project("{8BC9CEB8-8B4A-11D0-8D11-00A0C91BC942}") = "Visitor", "..\Visitor\Visitor\Visitor.vcxproj", "{9596984E-800E-43D9-86CA-D1229F78A81B}"
EndProject
Project("{8BC9CEB8-8B4A-11D0-8D11-00A0C91BC942}") = "State", "..\State\State\State.vcxproj", "{23874A36-BCF5-4F2A-A817-E9B28CB14F06}"
EndProject
Project("{8BC9CEB8-8B4A-11D0-8D11-00A0C91BC942}") = "Iterator", "..\Iterator\Iterator\Iterator.vcxproj", "{DF75A8EA-5A0C-44C7-8640-7A29A60FF692}"
EndProject
Project("{8BC9CEB8-8B4A-11D0-8D11-00A0C91BC942}") = "Command", "..\Command\Command\Command.vcxproj", "{354EA1D6-9E4F-4424-BDD7-D95D2DDFD2FB}"
EndProject
Project("{8BC9CEB8-8B4A-11D0-8D11-00A0C91BC942}") = "Proxy", "..\Proxy\Proxy\Proxy.vcxproj", "{3D63A157-5FD5-420C-8617-DB3C5E29FA94}"
EndProject
Project("{8BC9CEB8-8B4A-11D0-8D11-00A0C91BC942}") = "Facadc", "..\Facadc\Facadc\Facadc.vcxproj", "{10E88877-3741-42D5-B374-621E91A4861A}"
EndProject
Project("{8BC9CEB8-8B4A-11D0-8D11-00A0C91BC942}") = "Composite", "..\Composite\Composite\Composite.vcxproj", "{31A85A64-9DEA-42CD-980B-6ADDDC7F8F05}"
EndProject
Project("{8BC9CEB8-8B4A-11D0-8D11-00A0C91BC942}") = "Flyweight", "..\Flyweight\Flyweight\Flyweight.vcxproj", "{0232C81A-6A38-4658-B1AB-4D8AD8A65B54}"
EndProject
Project("{8BC9CEB8-8B4A-11D0-8D11-00A0C91BC942}") = "Prototype", "..\Prototype\Prototype\Prototype.vcxproj", "{2664F7C3-E76A-4FE8-95EC-EC7CA6FC46EB}"
EndProject
Project("{8BC9CEB8-8B4A-11D0-8D11-00A0C91BC942}") = "Memento", "..\Memento\Memento\Memento.vcxproj", "{FB2F1468-1E31-4C2E-AAE6-99D38979027E}"
EndProject
Project("{8BC9CEB8-8B4A-11D0-8D11-00A0C91BC942}") = "Interpreter", "..\Interpreter\Interpreter\Interpreter.vcxproj", "{FA3E3E18-0D33-401F-855F-0717F55F736D}"
EndProject
Global
	GlobalSection(SolutionConfigurationPlatforms) = preSolution
		Debug|x64 = Debug|x64
		Debug|x86 = Debug|x86
		Release|x64 = Release|x64
		Release|x86 = Release|x86
	EndGlobalSection
	GlobalSection(ProjectConfigurationPlatforms) = postSolution
		{3AB5CB46-C8FD-4C6B-ABE1-4AFC092AD820}.Debug|x64.ActiveCfg = Debug|x64
		{3AB5CB46-C8FD-4C6B-ABE1-4AFC092AD820}.Debug|x64.Build.0 = Debug|x64
		{3AB5CB46-C8FD-4C6B-ABE1-4AFC092AD820}.Debug|x86.ActiveCfg = Debug|Win32
		{3AB5CB46-C8FD-4C6B-ABE1-4AFC092AD820}.Debug|x86.Build.0 = Debug|Win32
		{3AB5CB46-C8FD-4C6B-ABE1-4AFC092AD820}.Release|x64.ActiveCfg = Release|x64
		{3AB5CB46-C8FD-4C6B-ABE1-4AFC092AD820}.Release|x64.Build.0 = Release|x64
		{3AB5CB46-C8FD-4C6B-ABE1-4AFC092AD820}.Release|x86.ActiveCfg = Release|Win32
		{3AB5CB46-C8FD-4C6B-ABE1-4AFC092AD820}.Release|x86.Build.0 = Release|Win32
		{DA54EC3B-BE1B-4301-839C-A3A319471AE3}.Debug|x64.ActiveCfg = Debug|x64
		{DA54EC3B-BE1B-4301-839C-A3A319471AE3}.Debug|x64.Build.0 = Debug|x64
		{DA54EC3B-BE1B-4301-839C-A3A319471AE3}.Debug|x86.ActiveCfg = Debug|Win32
		{DA54EC3B-BE1B-4301-839C-A3A319471AE3}.Debug|x86.Build.0 = Debug|Win32
		{DA54EC3B-BE1B-4301-839C-A3A319471AE3}.Release|x64.ActiveCfg = Release|x64
		{DA54EC3B-BE1B-4301-839C-A3A319471AE3}.Release|x64.Build.0 = Release|x64
		{DA54EC3B-BE1B-4301-839C-A3A319471AE3}.Release|x86.ActiveCfg = Release|Win32
		{DA54EC3B-BE1B-4301-839C-A3A319471AE3}.Release|x86.Build.0 = Release|Win32
		{F42C66C9-1068-4374-B039-1ECD690F1EC9}.Debug|x64.ActiveCfg = Debug|x64
		{F42C66C9-1068-4374-B039-1ECD690F1EC9}.Debug|x64.Build.0 = Debug|x64
		{F42C66C9-1068-4374-B039-1ECD690F1EC9}.Debug|x86.ActiveCfg = Debug|Win32
		{F42C66C9-1068-4374-B039-1ECD690F1EC9}.Debug|x86.Build.0 = Debug|Win32
		{F42C66C9-1068-4374-B039-1ECD690F1EC9}.Release|x64.ActiveCfg = Release|x64
		{F42C66C9-1068-4374-B039-1ECD690F1EC9}.Release|x64.Build.0 = Release|x64
		{F42C66C9-1068-4374-B039-1ECD690F1EC9}.Release|x86.ActiveCfg = Release|Win32
		{F42C66C9-1068-4374-B039-1ECD690F1EC9}.Release|x86.Build.0 = Release|Win32
		{BB0C216F-7E51-4157-B427-9A959C36AA13}.Debug|x64.ActiveCfg = Debug|x64
		{BB0C216F-7E51-4157-B427-9A959C36AA13}.Debug|x64.Build.0 = Debug|x64
		{BB0C216F-7E51-4157-B427-9A959C36AA13}.Debug|x86.ActiveCfg = Debug|Win32
		{BB0C216F-7E51-4157-B427-9A959C36AA13}.Debug|x86.Build.0 = Debug|Win32
		{BB0C216F-7E51-4157-B427-9A959C36AA13}.Release|x64.ActiveCfg = Release|x64
		{BB0C216F-7E51-4157-B427-9A959C36AA13}.Release|x64.Build.0 = Release|x64
		{BB0C216F-7E51-4157-B427-9A959C36AA13}.Release|x86.ActiveCfg = Release|Win32
		{BB0C216F-7E51-4157-B427-9A959C36AA13}.Release|x86.Build.0 = Release|Win32
		{513CB460-7B6B-4BBD-A82A-3FAC4A20994F}.Debug|x64.ActiveCfg = Debug|x64
		{513CB460-7B6B-4BBD-A82A-3FAC4A20994F}.Debug|x64.Build.0 = Debug|x64
		{513CB460-7B6B-4BBD-A82A-3FAC4A20994F}.Debug|x86.ActiveCfg = Debug|Win32
		{513CB460-7B6B-4BBD-A82A-3FAC4A20994F}.Debug|x86.Build.0 = Debug|Win32
		{513CB460-7B6B-4BBD-A82A-3FAC4A20994F}.Release|x64.ActiveCfg = Release|x64
		{513CB460-7B6B-4BBD-A82A-3FAC4A20994F}.Release|x64.Build.0 = Release|x64
		{513CB460-7B6B-4BBD-A82A-3FAC4A20994F}.Release|x86.ActiveCfg = Release|Win32
		{513CB460-7B6B-4BBD-A82A-3FAC4A20994F}.Release|x86.Build.0 = Release|Win32
		{1BE74BBF-299E-48CE-A9F3-5067EF2DE887}.Debug|x64.ActiveCfg = Debug|x64
		{1BE74BBF-299E-48CE-A9F3-5067EF2DE887}.Debug|x64.Build.0 = Debug|x64
		{1BE74BBF-299E-48CE-A9F3-5067EF2DE887}.Debug|x86.ActiveCfg = Debug|Win32
		{1BE74BBF-299E-48CE-A9F3-5067EF2DE887}.Debug|x86.Build.0 = Debug|Win32
		{1BE74BBF-299E-48CE-A9F3-5067EF2DE887}.Release|x64.ActiveCfg = Release|x64
		{1BE74BBF-299E-48CE-A9F3-5067EF2DE887}.Release|x64.Build.0 = Release|x64
		{1BE74BBF-299E-48CE-A9F3-5067EF2DE887}.Release|x86.ActiveCfg = Release|Win32
		{1BE74BBF-299E-48CE-A9F3-5067EF2DE887}.Release|x86.Build.0 = Release|Win32
		{0E7F3870-F4EB-4D08-8593-F8DF9FB711A9}.Debug|x64.ActiveCfg = Debug|x64
		{0E7F3870-F4EB-4D08-8593-F8DF9FB711A9}.Debug|x64.Build.0 = Debug|x64
		{0E7F3870-F4EB-4D08-8593-F8DF9FB711A9}.Debug|x86.ActiveCfg = Debug|Win32
		{0E7F3870-F4EB-4D08-8593-F8DF9FB711A9}.Debug|x86.Build.0 = Debug|Win32
		{0E7F3870-F4EB-4D08-8593-F8DF9FB711A9}.Release|x64.ActiveCfg = Release|x64
		{0E7F3870-F4EB-4D08-8593-F8DF9FB711A9}.Release|x64.Build.0 = Release|x64
		{0E7F3870-F4EB-4D08-8593-F8DF9FB711A9}.Release|x86.ActiveCfg = Release|Win32
		{0E7F3870-F4EB-4D08-8593-F8DF9FB711A9}.Release|x86.Build.0 = Release|Win32
		{A53E02B2-77C1-4998-A64C-5E59AF4901D3}.Debug|x64.ActiveCfg = Debug|x64
		{A53E02B2-77C1-4998-A64C-5E59AF4901D3}.Debug|x64.Build.0 = Debug|x64
		{A53E02B2-77C1-4998-A64C-5E59AF4901D3}.Debug|x86.ActiveCfg = Debug|Win32
		{A53E02B2-77C1-4998-A64C-5E59AF4901D3}.Debug|x86.Build.0 = Debug|Win32
		{A53E02B2-77C1-4998-A64C-5E59AF4901D3}.Release|x64.ActiveCfg = Release|x64
		{A53E02B2-77C1-4998-A64C-5E59AF4901D3}.Release|x64.Build.0 = Release|x64
		{A53E02B2-77C1-4998-A64C-5E59AF4901D3}.Release|x86.ActiveCfg = Release|Win32
		{A53E02B2-77C1-4998-A64C-5E59AF4901D3}.Release|x86.Build.0 = Release|Win32
		{383874F3-0ACC-4D76-B70B-B2C4EAC232D6}.Debug|x64.ActiveCfg = Debug|x64
		{383874F3-0ACC-4D76-B70B-B2C4EAC232D6}.Debug|x64.Build.0 = Debug|x64
		{383874F3-0ACC-4D76-B70B-B2C4EAC232D6}.Debug|x86.ActiveCfg = Debug|Win32
		{383874F3-0ACC-4D76-B70B-B2C4EAC232D6}.Debug|x86.Build.0 = Debug|Win32
		{383874F3-0ACC-4D76-B70B-B2C4EAC232D6}.Release|x64.ActiveCfg = Release|x64
		{383874F3-0ACC-4D76-B70B-B2C4EAC232D6}.Release|x64.Build.0 = Release|x64
		{383874F3-0ACC-4D76-B70B-B2C4EAC232D6}.Release|x86.ActiveCfg = Release|Win32
		{383874F3-0ACC-4D76-B70B-B2C4EAC232D6}.Release|x86.Build.0 = Release|Win32
		{CE577C83-96B3-4875-8295-205EB8ED9E38}.Debug|x64.ActiveCfg = Debug|x64
		{CE577C83-96B3-4875-8295-205EB8ED9E38}.Debug|x64.Build.0 = Debug|x64
		{CE577C83-96B3-4875-8295-205EB8ED9E38}.Debug|x86.ActiveCfg = Debug|Win32
		{CE577C83-96B3-4875-8295-205EB8ED9E38}.Debug|x86.Build.0 = Debug|Win32
		{CE577C83-96B3-4875-8295-205EB8ED9E38}.Release|x64.ActiveCfg = Release|x64
		{CE577C83-96B3-4875-8295-205EB8ED9E38}.Release|x64.Build.0 = Release|x64
		{CE577C83-96B3-4875-8295-205EB8ED9E38}.Release|x86.ActiveCfg = Release|Win32
		{CE577C83-96B3-4875-8295-205EB8ED9E38}.Release|x86.Build.0 = Release|Win32
		{39CB8A0A-BF4D-4E11-BE97-BC00FCF7059D}.Debug|x64.ActiveCfg = Debug|x64
		{39CB8A0A-BF4D-4E11-BE97-BC00FCF7059D}.Debug|x64.Build.0 = Debug|x64
		{39CB8A0A-BF4D-4E11-BE97-BC00FCF7059D}.Debug|x86.ActiveCfg = Debug|Win32
		{39CB8A0A-BF4D-4E11-BE97-BC00FCF7059D}.Debug|x86.Build.0 = Debug|Win32
		{39CB8A0A-BF4D-4E11-BE97-BC00FCF7059D}.Release|x64.ActiveCfg = Release|x64
		{39CB8A0A-BF4D-4E11-BE97-BC00FCF7059D}.Release|x64.Build.0 = Release|x64
		{39CB8A0A-BF4D-4E11-BE97-BC00FCF7059D}.Release|x86.ActiveCfg = Release|Win32
		{39CB8A0A-BF4D-4E11-BE97-BC00FCF7059D}.Release|x86.Build.0 = Release|Win32
		{93DF255A-E0A4-4AA7-AEC4-86D852D83A5A}.Debug|x64.ActiveCfg = Debug|x64
		{93DF255A-E0A4-4AA7-AEC4-86D852D83A5A}.Debug|x64.Build.0 = Debug|x64
		{93DF255A-E0A4-4AA7-AEC4-86D852D83A5A}.Debug|x86.ActiveCfg = Debug|Win32
		{93DF255A-E0A4-4AA7-AEC4-86D852D83A5A}.Debug|x86.Build.0 = Debug|Win32
		{93DF255A-E0A4-4AA7-AEC4-86D852D83A5A}.Release|x64.ActiveCfg = Release|x64
		{93DF255A-E0A4-4AA7-AEC4-86D852D83A5A}.Release|x64.Build.0 = Release|x64
		{93DF255A-E0A4-4AA7-AEC4-86D852D83A5A}.Release|x86.ActiveCfg = Release|Win32
		{93DF255A-E0A4-4AA7-AEC4-86D852D83A5A}.Release|x86.Build.0 = Release|Win32
		{9596984E-800E-43D9-86CA-D1229F78A81B}.Debug|x64.ActiveCfg = Debug|x64
		{9596984E-800E-43D9-86CA-D1229F78A81B}.Debug|x64.Build.0 = Debug|x64
		{9596984E-800E-43D9-86CA-D1229F78A81B}.Debug|x86.ActiveCfg = Debug|Win32
		{9596984E-800E-43D9-86CA-D1229F78A81B}.Debug|x86.Build.0 = Debug|Win32
		{9596984E-800E-43D9-86CA-D1229F78A81B}.Release|x64.ActiveCfg = Release|x64
		{9596984E-800E-43D9-86CA-D1229F78A81B}.Release|x64.Build.0 = Release|x64
		{9596984E-800E-43D9-86CA-D1229F78A81B}.Release|x86.ActiveCfg = Release|Win32
		{9596984E-800E-43D9-86CA-D1229F78A81B}.Release|x86.Build.0 = Release|Win32
		{23874A36-BCF5-4F2A-A817-E9B28CB14F06}.Debug|x64.ActiveCfg = Debug|x64
		{23874A36-BCF5-4F2A-A817-E9B28CB14F06}.Debug|x64.Build.0 = Debug|x64
		{23874A36-BCF5-4F2A-A817-E9B28CB14F06}.Debug|x86.ActiveCfg = Debug|Win32
		{23874A36-BCF5-4F2A-A817-E9B28CB14F06}.Debug|x86.Build.0 = Debug|Win32
		{23874A36-BCF5-4F2A-A817-E9B28CB14F06}.Release|x64.ActiveCfg = Release|x64
		{23874A36-BCF5-4F2A-A817-E9B28CB14F06}.Release|x64.Build.0 = Release|x64
		{23874A36-BCF5-4F2A-A817-E9B28CB14F06}.Release|x86.ActiveCfg = Release|Win32
		{23874A36-BCF5-4F2A-A817-E9B28CB14F06}.Release|x86.Build.0 = Release|Win32
		{DF75A8EA-5A0C-44C7-8640-7A29A60FF692}.Debug|x64.ActiveCfg = Debug|x64
		{DF75A8EA-5A0C-44C7-8640-7A29A60FF692}.Debug|x64.Build.0 = Debug|x64
		{DF75A8EA-5A0C-44C7-8640-7A29A60FF692}.Debug|x86.ActiveCfg = Debug|Win32
		{DF75A8EA-5A0C-44C7-8640-7A29A60FF692}.Debug|x86.Build.0 = Debug|Win32
		{DF75A8EA-5A0C-44C7-8640-7A29A60FF692}.Release|x64.ActiveCfg = Release|x64
		{DF75A8EA-5A0C-44C7-8640-7A29A60FF692}.Release|x64.Build.0 = Release|x64
		{DF75A8EA-5A0C-44C7-8640-7A29A60FF692}.Release|x86.ActiveCfg = Release|Win32
		{DF75A8EA-5A0C-44C7-8640-7A29A60FF692}.Release|x86.Build.0 = Release|Win32
		{354EA1D6-9E4F-4424-BDD7-D95D2DDFD2FB}.Debug|x64.ActiveCfg = Debug|x64
		{354EA1D6-9E4F-4424-BDD7-D95D2DDFD2FB}.Debug|x64.Build.0 = Debug|x64
		{354EA1D6-9E4F-4424-BDD7-D95D2DDFD2FB}.Debug|x86.ActiveCfg = Debug|Win32
		{354EA1D6-9E4F-4424-BDD7-D95D2DDFD2FB}.Debug|x86.Build.0 = Debug|Win32
		{354EA1D6-9E4F-4424-BDD7-D95D2DDFD2FB}.Release|x64.ActiveCfg = Release|x64
		{354EA1D6-9E4F-4424-BDD7-D95D2DDFD2FB}.Release|x64.Build.0 = Release|x64
		{354EA1D6-9E4F-4424-BDD7-D95D2DDFD2FB}.Release|x86.ActiveCfg = Release|Win32
		{354EA1D6-9E4F-4424-BDD7-D95D2DDFD2FB}.Release|x86.Build.0 = Release|Win32
		{3D63A157-5FD5-420C-8617-DB3C5E29FA94}.Debug|x64.ActiveCfg = Debug|x64
		{3D63A157-5FD5-420C-8617-DB3C5E29FA94}.Debug|x64.Build.0 = Debug|x64
		{3D63A157-5FD5-420C-8617-DB3C5E29FA94}.Debug|x86.ActiveCfg = Debug|Win32
		{3D63A157-5FD5-420C-8617-DB3C5E29FA94}.Debug|x86.Build.0 = Debug|Win32
		{3D63A157-5FD5-420C-8617-DB3C5E29FA94}.Release|x64.ActiveCfg = Release|x64
		{3D63A157-5FD5-420C-8617-DB3C5E29FA94}.Release|x64.Build.0 = Release|x64
		{3D63A157-5FD5-420C-8617-DB3C5E29FA94}.Release|x86.ActiveCfg = Release|Win32
		{3D63A157-5FD5-420C-8617-DB3C5E29FA94}.Release|x86.Build.0 = Release|Win32
		{10E88877-3741-42D5-B374-621E91A4861A}.Debug|x64.ActiveCfg = Debug|x64
		{10E88877-3741-42D5-B374-621E91A4861A}.Debug|x64.Build.0 = Debug|x64
		{10E88877-3741-42D5-B374-621E91A4861A}.Debug|x86.ActiveCfg = Debug|Win32
		{10E88877-3741-42D5-B374-621E91A4861A}.Debug|x86.Build.0 = Debug|Win32
		{10E88877-3741-42D5-B374-621E91A4861A}.Release|x64.ActiveCfg = Release|x64
		{10E88877-3741-42D5-B374-621E91A4861A}.Release|x64.Build.0 = Release|x64
		{10E88877-3741-42D5-B374-621E91A4861A}.Release|x86.ActiveCfg = Release|Win32
		{10E88877-3741-42D5-B374-621E91A4861A}.Release|x86.Build.0 = Release|Win32
		{31A85A64-9DEA-42CD-980B-6ADDDC7F8F05}.Debug|x64.ActiveCfg = Debug|x64
		{31A85A64-9DEA-42CD-980B-6ADDDC7F8F05}.Debug|x64.Build.0 = Debug|x64
		{31A85A64-9DEA-42CD-980B-6ADDDC7F8F05}.Debug|x86.ActiveCfg = Debug|Win32
		{31A85A64-9DEA-42CD-980B-6ADDDC7F8F05}.Debug|x86.Build.0 = Debug|Win32
		{31A85A64-9DEA-42CD-980B-6ADDDC7F8F05}.Release|x64.ActiveCfg = Release|x64
		{31A85A64-9DEA-42CD-980B-6ADDDC7F8F05}.Release|x64.Build.0 = Release|x64
		{31A85A64-9DEA-42CD-980B-6ADDDC7F8F05}.Release|x86.ActiveCfg = Release|Win32
		{31A85A64-9DEA-42CD-980B-6ADDDC7F8F05}.Release|x86.Build.0 = Release|Win32
		{0232C81A-6A38-4658-B1AB-4D8AD8A65B54}.Debug|x64.ActiveCfg = Debug|x64
		{0232C81A-6A38-4658-B1AB-4D8AD8A65B54}.Debug|x64.Build.0 = Debug|x64
		{0232C81A-6A38-4658-B1AB-4D8AD8A65B54}.Debug|x86.ActiveCfg = Debug|Win32
		{0232C81A-6A38-4658-B1AB-4D8AD8A65B54}.Debug|x86.Build.0 = Debug|Win32
		{0232C81A-6A38-4658-B1AB-4D8AD8A65B54}.Release|x64.ActiveCfg = Release|x64
		{0232C81A-6A38-4658-B1AB-4D8AD8A65B54}.Release|x64.Build.0 = Release|x64
		{0232C81A-6A38-4658-B1AB-4D8AD8A65B54}.Release|x86.ActiveCfg = Release|Win32
		{0232C81A-6A38-4658-B1AB-4D8AD8A65B54}.Release|x86.Build.0 = Release|Win32
		{2664F7C3-E76A-4FE8-95EC-EC7CA6FC46EB}.Debug|x64.ActiveCfg = Debug|x64
		{2664F7C3-E76A-4FE8-95EC-EC7CA6FC46EB}.Debug|x64.Build.0 = Debug|x64
		{2664F7C3-E76A-4FE8-95EC-EC7CA6FC46EB}.Debug|x86.ActiveCfg = Debug|Win32
		{2664F7C3-E76A-4FE8-95EC-EC7CA6FC46EB}.Debug|x86.Build.0 = Debug|Win32
		{2664F7C3-E76A-4FE8-95EC-EC7CA6FC46EB}.Release|x64.ActiveCfg = Release|x64
		{2664F7C3-E76A-4FE8-95EC-EC7CA6FC46EB}.Release|x64.Build.0 = Release|x64
		{2664F7C3-E76A-4FE8-95EC-EC7CA6FC46EB}.Release|x86.ActiveCfg = Release|Win32
		{2664F7C3-E76A-4FE8-95EC-EC7CA6FC46EB}.Release|x86.Build.0 = Release|Win32
		{FB2F1468-1E31-4C2E-AAE6-99D38979027E}.Debug|x64.ActiveCfg = Debug|x64
		{FB2F1468-1E31-4C2E-AAE6-99D38979027E}.Debug|x64.Build.0 = Debug|x64
		{FB2F1468-1E31-4C2E-AAE6-99D38979027E}.Debug|x86.ActiveCfg = Debug|Win32
		{FB2F1468-1E31-4C2E-AAE6-99D38979027E}.Debug|x86.Build.0 = Debug|Win32
		{FB2F1468-1E31-4C2E-AAE6-99D38979027E}.Release|x64.ActiveCfg = Release|x64
		{FB2F1468-1E31-4C2E-AAE6-99D38979027E}.Release|x64.Build.0 = Release|x64
		{FB2F1468-1E31-4C2E-AAE6-99D38979027E}.Release|x86.ActiveCfg = Release|Win32
		{FB2F1468-1E31-4C2E-AAE6-99D38979027E}.Release|x86.Build.0 = Release|Win32
		{FA3E3E18-0D33-401F-855F-0717F55F736D}.Debug|x64.ActiveCfg = Debug|x64
		{FA3E3E18-0D33-401F-855F-0717F55F736D}.Debug|x64.Build.0 = Debug|x64
		{FA3E3E18-0D33-401F-855F-0717F55F736D}.Debug|x86.ActiveCfg = Debug|Win32
		{FA3E3E18-0D33-401F-855F-0717F55F736D}.Debug|x86.Build.0 = Debug|Win32
		{FA3E3E18-0D33-401F-855F-0717F55F736D}.Release|x64.ActiveCfg = Release|x64
		{FA3E3E18-0D33-401F-855F-0717F55F736D}.Release|x64.Build.0 = Release|x64
		{FA3E3E18-0D33-401F-855F-0717F55F736D}.Release|x86.ActiveCfg = Release|Win32
		{FA3E3E18-0D33-401F-855F-0717F55F736D}.Release|x86.Build.0 = Release|Win32
	EndGlobalSection
	GlobalSection(SolutionProperties) = preSolution
		HideSolutionNode = FALSE
	EndGlobalSection
EndGlobal
